// !$*UTF8*$!
{
	archiveVersion = 1;
	classes = {
	};
	objectVersion = 54;
	objects = {

/* Begin PBXBuildFile section */
		5K8NUXGLX6GF97JTHECQWALK /* LaunchScreen.storyboard in Resources */ = {isa = PBXBuildFile; fileRef = VWI1IG7HDA8VLD11OU14O7A7 /* LaunchScreen.storyboard */; };
		7AVHPHDNZB1BJCDT2L2ZBFHW /* Pods_RunnerTests.framework in Frameworks */ = {isa = PBXBuildFile; fileRef = Y2W78TPO687Z4YC4617G63JH /* Pods_RunnerTests.framework */; };
		7KHHZV080OU1KS5CCVCU58GG /* RunnerTests.swift in Sources */ = {isa = PBXBuildFile; fileRef = 523TOL13GJNNJ3L27BJ9QTWD /* RunnerTests.swift */; };
		AUJE2A0XTQ0FK755EANVYTM6 /* AppDelegate.swift in Sources */ = {isa = PBXBuildFile; fileRef = PQXK8UHH939WC7Y8913I0RXB /* AppDelegate.swift */; };
		M0D522XIE4SFKNQ3RLE2C8KF /* GeneratedPluginRegistrant.m in Sources */ = {isa = PBXBuildFile; fileRef = U8FA2LIL3QG1ZPUHRI2EBGT8 /* GeneratedPluginRegistrant.m */; };
		MNAHPY8KYTHH8VZYGPCGLV9A /* Pods_Runner.framework in Frameworks */ = {isa = PBXBuildFile; fileRef = YX3EKV25DMP0L0OCNC8Z193Z /* Pods_Runner.framework */; };
		QBUPODWJ7PFP0DLEWJBSTPQ5 /* Assets.xcassets in Resources */ = {isa = PBXBuildFile; fileRef = VAHZVHM68QNZNLD9A4JW948P /* Assets.xcassets */; };
		RKNT07QSXP4WLZOV0HSVR5WF /* AppFrameworkInfo.plist in Resources */ = {isa = PBXBuildFile; fileRef = VT0DIX0PEX1FTPB2C11HXQ88 /* AppFrameworkInfo.plist */; };
		WS23UQRMKW6Y651DJBGA8PF1 /* Main.storyboard in Resources */ = {isa = PBXBuildFile; fileRef = UJIUFYXG5HWEWS9H28LVYW1S /* Main.storyboard */; };
/* End PBXBuildFile section */

/* Begin PBXContainerItemProxy section */
		0VFFH52BXTN6LLMKB7UVY9F8 /* PBXContainerItemProxy */ = {
			isa = PBXContainerItemProxy;
			containerPortal = 8I9O3N534IW68YHCMOLFJ1F3 /* Project object */;
			proxyType = 1;
			remoteGlobalIDString = 2WQL6YILKH6VBTA934BDN14S;
			remoteInfo = Runner;
		};
/* End PBXContainerItemProxy section */

/* Begin PBXCopyFilesBuildPhase section */
		S4S8JRJ8T15RGZLRNTXQW54I /* Embed Frameworks */ = {
			isa = PBXCopyFilesBuildPhase;
			buildActionMask = 2147483647;
			dstPath = "";
			dstSubfolderSpec = 10;
			files = (
			);
			name = "Embed Frameworks";
			runOnlyForDeploymentPostprocessing = 0;
		};
/* End PBXCopyFilesBuildPhase section */

/* Begin PBXFileReference section */
		1OTMCN6EHAOJWYS7T9DD4LQ2 /* Info.plist */ = {isa = PBXFileReference; lastKnownFileType = text.plist.xml; path = Info.plist; sourceTree = "<group>"; };
		1ZC8FW6G47FTAN0FTS15GKAI /* Runner.app */ = {isa = PBXFileReference; explicitFileType = wrapper.application; includeInIndex = 0; path = Runner.app; sourceTree = BUILT_PRODUCTS_DIR; };
		523TOL13GJNNJ3L27BJ9QTWD /* RunnerTests.swift */ = {isa = PBXFileReference; lastKnownFileType = sourcecode.swift; path = RunnerTests.swift; sourceTree = "<group>"; };
		ATXGJJB1IP37V7FSEHVN18W4 /* Base */ = {isa = PBXFileReference; lastKnownFileType = file.storyboard; name = Base; path = Base.lproj/LaunchScreen.storyboard; sourceTree = "<group>"; };
		AZ8QDKA5IOX3U9YOGPPIDP57 /* Generated.xcconfig */ = {isa = PBXFileReference; fileEncoding = 4; lastKnownFileType = text.xcconfig; name = Generated.xcconfig; path = Flutter/Generated.xcconfig; sourceTree = "<group>"; };
		C8WFVR69ZUDZ6OUWVC1EI1WR /* Pods-RunnerTests.release.xcconfig */ = {isa = PBXFileReference; includeInIndex = 1; lastKnownFileType = text.xcconfig; name = "Pods-RunnerTests.release.xcconfig"; path = "Target Support Files/Pods-RunnerTests/Pods-RunnerTests.release.xcconfig"; sourceTree = "<group>"; };
		CNMYEOTBU6CD6N57GH3XD31V /* Pods-Runner.debug.xcconfig */ = {isa = PBXFileReference; includeInIndex = 1; lastKnownFileType = text.xcconfig; name = "Pods-Runner.debug.xcconfig"; path = "Target Support Files/Pods-Runner/Pods-Runner.debug.xcconfig"; sourceTree = "<group>"; };
		E92BOXNPHRTD428DW5ND1M8R /* Pods-Runner.release.xcconfig */ = {isa = PBXFileReference; includeInIndex = 1; lastKnownFileType = text.xcconfig; name = "Pods-Runner.release.xcconfig"; path = "Target Support Files/Pods-Runner/Pods-Runner.release.xcconfig"; sourceTree = "<group>"; };
		EAE6EULAC9U80YX4BQY6CAH0 /* GeneratedPluginRegistrant.h */ = {isa = PBXFileReference; lastKnownFileType = sourcecode.c.h; path = GeneratedPluginRegistrant.h; sourceTree = "<group>"; };
		HYQ3T76RPQTSJ6P6LQFXDEQZ /* Runner-Bridging-Header.h */ = {isa = PBXFileReference; lastKnownFileType = sourcecode.c.h; path = "Runner-Bridging-Header.h"; sourceTree = "<group>"; };
		MT3YZW1OANJEDG93F2TMBVJ1 /* Pods-RunnerTests.profile.xcconfig */ = {isa = PBXFileReference; includeInIndex = 1; lastKnownFileType = text.xcconfig; name = "Pods-RunnerTests.profile.xcconfig"; path = "Target Support Files/Pods-RunnerTests/Pods-RunnerTests.profile.xcconfig"; sourceTree = "<group>"; };
		OWR68S7C0V3I4R8HSYKTJP4T /* Release.xcconfig */ = {isa = PBXFileReference; lastKnownFileType = text.xcconfig; name = Release.xcconfig; path = Flutter/Release.xcconfig; sourceTree = "<group>"; };
		PQXK8UHH939WC7Y8913I0RXB /* AppDelegate.swift */ = {isa = PBXFileReference; fileEncoding = 4; lastKnownFileType = sourcecode.swift; path = AppDelegate.swift; sourceTree = "<group>"; };
		QH1V2KBF2772AI94ZLVT5HR1 /* Base */ = {isa = PBXFileReference; lastKnownFileType = file.storyboard; name = Base; path = Base.lproj/Main.storyboard; sourceTree = "<group>"; };
		QU6PEWB4XOAWWBG61E4WQSPF /* RunnerTests.xctest */ = {isa = PBXFileReference; explicitFileType = wrapper.cfbundle; includeInIndex = 0; path = RunnerTests.xctest; sourceTree = BUILT_PRODUCTS_DIR; };
		QYOGROXH156DKD42CO3UHKJW /* Pods-RunnerTests.debug.xcconfig */ = {isa = PBXFileReference; includeInIndex = 1; lastKnownFileType = text.xcconfig; name = "Pods-RunnerTests.debug.xcconfig"; path = "Target Support Files/Pods-RunnerTests/Pods-RunnerTests.debug.xcconfig"; sourceTree = "<group>"; };
		T1TOPWKLBE9EI7YSRGGBV862 /* Debug.xcconfig */ = {isa = PBXFileReference; fileEncoding = 4; lastKnownFileType = text.xcconfig; name = Debug.xcconfig; path = Flutter/Debug.xcconfig; sourceTree = "<group>"; };
		U8FA2LIL3QG1ZPUHRI2EBGT8 /* GeneratedPluginRegistrant.m */ = {isa = PBXFileReference; fileEncoding = 4; lastKnownFileType = sourcecode.c.objc; path = GeneratedPluginRegistrant.m; sourceTree = "<group>"; };
		VAHZVHM68QNZNLD9A4JW948P /* Assets.xcassets */ = {isa = PBXFileReference; lastKnownFileType = folder.assetcatalog; path = Assets.xcassets; sourceTree = "<group>"; };
		VT0DIX0PEX1FTPB2C11HXQ88 /* AppFrameworkInfo.plist */ = {isa = PBXFileReference; fileEncoding = 4; lastKnownFileType = text.plist.xml; name = AppFrameworkInfo.plist; path = Flutter/AppFrameworkInfo.plist; sourceTree = "<group>"; };
		X9D6MQ16C5L9HR1V0PKL1AVD /* Pods-Runner.profile.xcconfig */ = {isa = PBXFileReference; includeInIndex = 1; lastKnownFileType = text.xcconfig; name = "Pods-Runner.profile.xcconfig"; path = "Target Support Files/Pods-Runner/Pods-Runner.profile.xcconfig"; sourceTree = "<group>"; };
		Y2W78TPO687Z4YC4617G63JH /* Pods_RunnerTests.framework */ = {isa = PBXFileReference; explicitFileType = wrapper.framework; includeInIndex = 0; path = Pods_RunnerTests.framework; sourceTree = BUILT_PRODUCTS_DIR; };
		YX3EKV25DMP0L0OCNC8Z193Z /* Pods_Runner.framework */ = {isa = PBXFileReference; explicitFileType = wrapper.framework; includeInIndex = 0; path = Pods_Runner.framework; sourceTree = BUILT_PRODUCTS_DIR; };
/* End PBXFileReference section */

/* Begin PBXFrameworksBuildPhase section */
		UYFKHFLHFFJGK3QSC4MIJ2OX /* Frameworks */ = {
			isa = PBXFrameworksBuildPhase;
			buildActionMask = 2147483647;
			files = (
				7AVHPHDNZB1BJCDT2L2ZBFHW /* Pods_RunnerTests.framework in Frameworks */,
			);
			runOnlyForDeploymentPostprocessing = 0;
		};
		XJAOR8XM2N8TCS6O2TB1FBBF /* Frameworks */ = {
			isa = PBXFrameworksBuildPhase;
			buildActionMask = 2147483647;
			files = (
				MNAHPY8KYTHH8VZYGPCGLV9A /* Pods_Runner.framework in Frameworks */,
			);
			runOnlyForDeploymentPostprocessing = 0;
		};
/* End PBXFrameworksBuildPhase section */

/* Begin PBXGroup section */
		698M5NPA8JPHJF5GOJ33L7PA /* Frameworks */ = {
			isa = PBXGroup;
			children = (
				YX3EKV25DMP0L0OCNC8Z193Z /* Pods_Runner.framework */,
				Y2W78TPO687Z4YC4617G63JH /* Pods_RunnerTests.framework */,
			);
			name = Frameworks;
			sourceTree = "<group>";
		};
		BHXGCCPGGEHET0WQ10NORFG8 /* Flutter */ = {
			isa = PBXGroup;
			children = (
				VT0DIX0PEX1FTPB2C11HXQ88 /* AppFrameworkInfo.plist */,
				T1TOPWKLBE9EI7YSRGGBV862 /* Debug.xcconfig */,
				OWR68S7C0V3I4R8HSYKTJP4T /* Release.xcconfig */,
				AZ8QDKA5IOX3U9YOGPPIDP57 /* Generated.xcconfig */,
			);
			name = Flutter;
			sourceTree = "<group>";
		};
		MRFRKH4LTN0BTXTUHPMZ5M8Z /* Pods */ = {
			isa = PBXGroup;
			children = (
				CNMYEOTBU6CD6N57GH3XD31V /* Pods-Runner.debug.xcconfig */,
				X9D6MQ16C5L9HR1V0PKL1AVD /* Pods-Runner.profile.xcconfig */,
				QYOGROXH156DKD42CO3UHKJW /* Pods-RunnerTests.debug.xcconfig */,
				C8WFVR69ZUDZ6OUWVC1EI1WR /* Pods-RunnerTests.release.xcconfig */,
				E92BOXNPHRTD428DW5ND1M8R /* Pods-Runner.release.xcconfig */,
				MT3YZW1OANJEDG93F2TMBVJ1 /* Pods-RunnerTests.profile.xcconfig */,
			);
			path = Pods;
			sourceTree = "<group>";
		};
		OSUD8UMAVVYL5ZCGIUH60PRJ /* Runner */ = {
			isa = PBXGroup;
			children = (
				U8FA2LIL3QG1ZPUHRI2EBGT8 /* GeneratedPluginRegistrant.m */,
				UJIUFYXG5HWEWS9H28LVYW1S /* Main.storyboard */,
				VAHZVHM68QNZNLD9A4JW948P /* Assets.xcassets */,
				PQXK8UHH939WC7Y8913I0RXB /* AppDelegate.swift */,
				HYQ3T76RPQTSJ6P6LQFXDEQZ /* Runner-Bridging-Header.h */,
				VWI1IG7HDA8VLD11OU14O7A7 /* LaunchScreen.storyboard */,
				EAE6EULAC9U80YX4BQY6CAH0 /* GeneratedPluginRegistrant.h */,
				1OTMCN6EHAOJWYS7T9DD4LQ2 /* Info.plist */,
			);
			path = Runner;
			sourceTree = "<group>";
		};
		SI50JPCB9S8V8L7XNV1008PW = {
			isa = PBXGroup;
			children = (
				MRFRKH4LTN0BTXTUHPMZ5M8Z /* Pods */,
				698M5NPA8JPHJF5GOJ33L7PA /* Frameworks */,
				OSUD8UMAVVYL5ZCGIUH60PRJ /* Runner */,
				BHXGCCPGGEHET0WQ10NORFG8 /* Flutter */,
				XSTPIHUN2BOL9AXBKOSAU9GT /* RunnerTests */,
				WLH4STLGA4ZLHH5701RSQSTR /* Products */,
			);
			sourceTree = "<group>";
		};
		WLH4STLGA4ZLHH5701RSQSTR /* Products */ = {
			isa = PBXGroup;
			children = (
				1ZC8FW6G47FTAN0FTS15GKAI /* Runner.app */,
				QU6PEWB4XOAWWBG61E4WQSPF /* RunnerTests.xctest */,
			);
			name = Products;
			sourceTree = "<group>";
		};
		XSTPIHUN2BOL9AXBKOSAU9GT /* RunnerTests */ = {
			isa = PBXGroup;
			children = (
				523TOL13GJNNJ3L27BJ9QTWD /* RunnerTests.swift */,
			);
			path = RunnerTests;
			sourceTree = "<group>";
		};
/* End PBXGroup section */

/* Begin PBXNativeTarget section */
		2WQL6YILKH6VBTA934BDN14S /* Runner */ = {
			isa = PBXNativeTarget;
			buildConfigurationList = DN4XV89QL78OTYRTFF7F5GFC /* Build configuration list for PBXNativeTarget "Runner" */;
			buildPhases = (
				SESKSUY9FLEJ8UQWXKMEZYZ0 /* [CP] Check Pods Manifest.lock */,
				ZMKW2FD1TU8NQ99B8990NEYA /* Run Script */,
				BXR5OLE5UR0AP66E2N04YVU1 /* Sources */,
				XJAOR8XM2N8TCS6O2TB1FBBF /* Frameworks */,
				I6LFNZ9JMOW10767137H2DS6 /* Resources */,
				S4S8JRJ8T15RGZLRNTXQW54I /* Embed Frameworks */,
				SJC3L713VGUABS65Y99X2MLQ /* Thin Binary */,
				FH5GDR0989PBBF86260MIG37 /* [CP] Embed Pods Frameworks */,
			);
			buildRules = (
			);
			dependencies = (
			);
			name = Runner;
			productName = Runner;
			productReference = 1ZC8FW6G47FTAN0FTS15GKAI /* Runner.app */;
			productType = "com.apple.product-type.application";
		};
		JQEL2CGMEIW1JSF9LBF06BIC /* RunnerTests */ = {
			isa = PBXNativeTarget;
			buildConfigurationList = HMEAKYR0GEI43F9Q4TYQLB2M /* Build configuration list for PBXNativeTarget "RunnerTests" */;
			buildPhases = (
				XDQ9GWCTQEHXRLETNN3J160U /* [CP] Check Pods Manifest.lock */,
				19LUGQFMOLVPPRV2A3M2PB3Z /* Sources */,
				6MOEJNIN9HEBCROCW0G0QKTP /* Resources */,
				UYFKHFLHFFJGK3QSC4MIJ2OX /* Frameworks */,
			);
			buildRules = (
			);
			dependencies = (
				L984LOW038YVTBTR2KMK1521 /* PBXTargetDependency */,
			);
			name = RunnerTests;
			productName = RunnerTests;
			productReference = QU6PEWB4XOAWWBG61E4WQSPF /* RunnerTests.xctest */;
			productType = "com.apple.product-type.bundle.unit-test";
		};
/* End PBXNativeTarget section */

/* Begin PBXProject section */
		8I9O3N534IW68YHCMOLFJ1F3 /* Project object */ = {
			isa = PBXProject;
			attributes = {
				BuildIndependentTargetsInParallel = YES;
				LastUpgradeCheck = 1510;
				ORGANIZATIONNAME = "";
				TargetAttributes = {
					2WQL6YILKH6VBTA934BDN14S = {
						CreatedOnToolsVersion = 7.3.1;
						LastSwiftMigration = 1100;
					};
					JQEL2CGMEIW1JSF9LBF06BIC = {
						CreatedOnToolsVersion = 14.0;
						TestTargetID = 2WQL6YILKH6VBTA934BDN14S;
					};
				};
			};
			buildConfigurationList = VJOEKT69GUXX3GICIRY4UH7T /* Build configuration list for PBXProject "Runner" */;
			compatibilityVersion = "Xcode 9.3";
			developmentRegion = en;
			hasScannedForEncodings = 0;
			knownRegions = (
				en,
				Base,
			);
			mainGroup = SI50JPCB9S8V8L7XNV1008PW;
			productRefGroup = WLH4STLGA4ZLHH5701RSQSTR /* Products */;
			projectDirPath = "";
			projectRoot = "";
			targets = (
				2WQL6YILKH6VBTA934BDN14S /* Runner */,
				JQEL2CGMEIW1JSF9LBF06BIC /* RunnerTests */,
			);
		};
/* End PBXProject section */

/* Begin PBXResourcesBuildPhase section */
		6MOEJNIN9HEBCROCW0G0QKTP /* Resources */ = {
			isa = PBXResourcesBuildPhase;
			buildActionMask = 2147483647;
			files = (
			);
			runOnlyForDeploymentPostprocessing = 0;
		};
		I6LFNZ9JMOW10767137H2DS6 /* Resources */ = {
			isa = PBXResourcesBuildPhase;
			buildActionMask = 2147483647;
			files = (
				5K8NUXGLX6GF97JTHECQWALK /* LaunchScreen.storyboard in Resources */,
				RKNT07QSXP4WLZOV0HSVR5WF /* AppFrameworkInfo.plist in Resources */,
				QBUPODWJ7PFP0DLEWJBSTPQ5 /* Assets.xcassets in Resources */,
				WS23UQRMKW6Y651DJBGA8PF1 /* Main.storyboard in Resources */,
			);
			runOnlyForDeploymentPostprocessing = 0;
		};
/* End PBXResourcesBuildPhase section */

/* Begin PBXShellScriptBuildPhase section */
		FH5GDR0989PBBF86260MIG37 /* [CP] Embed Pods Frameworks */ = {
			isa = PBXShellScriptBuildPhase;
			buildActionMask = 2147483647;
			files = (
			);
			inputFileListPaths = (
				"${PODS_ROOT}/Target Support Files/Pods-Runner/Pods-Runner-frameworks-${CONFIGURATION}-input-files.xcfilelist",
			);
			name = "[CP] Embed Pods Frameworks";
			outputFileListPaths = (
				"${PODS_ROOT}/Target Support Files/Pods-Runner/Pods-Runner-frameworks-${CONFIGURATION}-output-files.xcfilelist",
			);
			runOnlyForDeploymentPostprocessing = 0;
			shellPath = /bin/sh;
			shellScript = "\"${PODS_ROOT}/Target Support Files/Pods-Runner/Pods-Runner-frameworks.sh\"\n";
			showEnvVarsInLog = 0;
		};
		SESKSUY9FLEJ8UQWXKMEZYZ0 /* [CP] Check Pods Manifest.lock */ = {
			isa = PBXShellScriptBuildPhase;
			buildActionMask = 2147483647;
			files = (
			);
			inputFileListPaths = (
			);
			inputPaths = (
				"${PODS_PODFILE_DIR_PATH}/Podfile.lock",
				"${PODS_ROOT}/Manifest.lock",
			);
			name = "[CP] Check Pods Manifest.lock";
			outputFileListPaths = (
			);
			outputPaths = (
				"$(DERIVED_FILE_DIR)/Pods-Runner-checkManifestLockResult.txt",
			);
			runOnlyForDeploymentPostprocessing = 0;
			shellPath = /bin/sh;
			shellScript = "diff \"${PODS_PODFILE_DIR_PATH}/Podfile.lock\" \"${PODS_ROOT}/Manifest.lock\" > /dev/null\nif [ $? != 0 ] ; then\n    # print error to STDERR\n    echo \"error: The sandbox is not in sync with the Podfile.lock. Run 'pod install' or update your CocoaPods installation.\" >&2\n    exit 1\nfi\n# This output is used by Xcode 'outputs' to avoid re-running this script phase.\necho \"SUCCESS\" > \"${SCRIPT_OUTPUT_FILE_0}\"\n";
			showEnvVarsInLog = 0;
		};
		SJC3L713VGUABS65Y99X2MLQ /* Thin Binary */ = {
			isa = PBXShellScriptBuildPhase;
			alwaysOutOfDate = 1;
			buildActionMask = 2147483647;
			files = (
			);
			inputPaths = (
				"${TARGET_BUILD_DIR}/${INFOPLIST_PATH}",
			);
			name = "Thin Binary";
			outputPaths = (
			);
			runOnlyForDeploymentPostprocessing = 0;
			shellPath = /bin/sh;
			shellScript = "/bin/sh \"$FLUTTER_ROOT/packages/flutter_tools/bin/xcode_backend.sh\" embed_and_thin";
		};
		XDQ9GWCTQEHXRLETNN3J160U /* [CP] Check Pods Manifest.lock */ = {
			isa = PBXShellScriptBuildPhase;
			buildActionMask = 2147483647;
			files = (
			);
			inputFileListPaths = (
			);
			inputPaths = (
				"${PODS_PODFILE_DIR_PATH}/Podfile.lock",
				"${PODS_ROOT}/Manifest.lock",
			);
			name = "[CP] Check Pods Manifest.lock";
			outputFileListPaths = (
			);
			outputPaths = (
				"$(DERIVED_FILE_DIR)/Pods-RunnerTests-checkManifestLockResult.txt",
			);
			runOnlyForDeploymentPostprocessing = 0;
			shellPath = /bin/sh;
			shellScript = "diff \"${PODS_PODFILE_DIR_PATH}/Podfile.lock\" \"${PODS_ROOT}/Manifest.lock\" > /dev/null\nif [ $? != 0 ] ; then\n    # print error to STDERR\n    echo \"error: The sandbox is not in sync with the Podfile.lock. Run 'pod install' or update your CocoaPods installation.\" >&2\n    exit 1\nfi\n# This output is used by Xcode 'outputs' to avoid re-running this script phase.\necho \"SUCCESS\" > \"${SCRIPT_OUTPUT_FILE_0}\"\n";
			showEnvVarsInLog = 0;
		};
		ZMKW2FD1TU8NQ99B8990NEYA /* Run Script */ = {
			isa = PBXShellScriptBuildPhase;
			alwaysOutOfDate = 1;
			buildActionMask = 2147483647;
			files = (
			);
			inputPaths = (
			);
			name = "Run Script";
			outputPaths = (
			);
			runOnlyForDeploymentPostprocessing = 0;
			shellPath = /bin/sh;
			shellScript = "/bin/sh \"$FLUTTER_ROOT/packages/flutter_tools/bin/xcode_backend.sh\" build";
		};
/* End PBXShellScriptBuildPhase section */

/* Begin PBXSourcesBuildPhase section */
		19LUGQFMOLVPPRV2A3M2PB3Z /* Sources */ = {
			isa = PBXSourcesBuildPhase;
			buildActionMask = 2147483647;
			files = (
				7KHHZV080OU1KS5CCVCU58GG /* RunnerTests.swift in Sources */,
			);
			runOnlyForDeploymentPostprocessing = 0;
		};
		BXR5OLE5UR0AP66E2N04YVU1 /* Sources */ = {
			isa = PBXSourcesBuildPhase;
			buildActionMask = 2147483647;
			files = (
				AUJE2A0XTQ0FK755EANVYTM6 /* AppDelegate.swift in Sources */,
				M0D522XIE4SFKNQ3RLE2C8KF /* GeneratedPluginRegistrant.m in Sources */,
			);
			runOnlyForDeploymentPostprocessing = 0;
		};
/* End PBXSourcesBuildPhase section */

/* Begin PBXTargetDependency section */
		L984LOW038YVTBTR2KMK1521 /* PBXTargetDependency */ = {
			isa = PBXTargetDependency;
			target = 2WQL6YILKH6VBTA934BDN14S /* Runner */;
			targetProxy = 0VFFH52BXTN6LLMKB7UVY9F8 /* PBXContainerItemProxy */;
		};
/* End PBXTargetDependency section */

/* Begin PBXVariantGroup section */
		UJIUFYXG5HWEWS9H28LVYW1S /* Main.storyboard */ = {
			isa = PBXVariantGroup;
			children = (
				QH1V2KBF2772AI94ZLVT5HR1 /* Base */,
			);
			name = Main.storyboard;
			sourceTree = "<group>";
		};
		VWI1IG7HDA8VLD11OU14O7A7 /* LaunchScreen.storyboard */ = {
			isa = PBXVariantGroup;
			children = (
				ATXGJJB1IP37V7FSEHVN18W4 /* Base */,
			);
			name = LaunchScreen.storyboard;
			sourceTree = "<group>";
		};
/* End PBXVariantGroup section */

/* Begin XCBuildConfiguration section */
		1CLC6MGBCXCER19H4EUFO8XK /* Debug */ = {
			isa = XCBuildConfiguration;
			baseConfigurationReference = T1TOPWKLBE9EI7YSRGGBV862 /* Debug.xcconfig */;
			buildSettings = {
				ASSETCATALOG_COMPILER_APPICON_NAME = AppIcon;
				CLANG_ENABLE_MODULES = YES;
				"CODE_SIGN_IDENTITY[sdk=iphoneos*]" = "iPhone Distribution";
				CODE_SIGN_STYLE = Manual;
				CURRENT_PROJECT_VERSION = "$(FLUTTER_BUILD_NUMBER)";
				DEVELOPMENT_TEAM = "";
				"DEVELOPMENT_TEAM[sdk=iphoneos*]" = N3GSN4H2J4;
				ENABLE_BITCODE = NO;
				INFOPLIST_FILE = Runner/Info.plist;
				LD_RUNPATH_SEARCH_PATHS = (
					"$(inherited)",
					"@executable_path/Frameworks",
				);
				PRODUCT_BUNDLE_IDENTIFIER = com.zylotherion;
				PRODUCT_NAME = "$(TARGET_NAME)";
				PROVISIONING_PROFILE_SPECIFIER = "";
				"PROVISIONING_PROFILE_SPECIFIER[sdk=iphoneos*]" = N3GSN4H2J4.com.zylotherion;
				SUPPORTED_PLATFORMS = "iphoneos iphonesimulator";
				SUPPORTS_MACCATALYST = NO;
				SUPPORTS_MAC_DESIGNED_FOR_IPHONE_IPAD = NO;
				SUPPORTS_XR_DESIGNED_FOR_IPHONE_IPAD = NO;
				SWIFT_OBJC_BRIDGING_HEADER = "Runner/Runner-Bridging-Header.h";
				SWIFT_OPTIMIZATION_LEVEL = "-Onone";
				SWIFT_VERSION = 5.0;
				TARGETED_DEVICE_FAMILY = "1,2";
				VERSIONING_SYSTEM = "apple-generic";
			};
			name = Debug;
		};
		41ZYBCH2YLC4RQ7IK29NC60V /* Release */ = {
			isa = XCBuildConfiguration;
			buildSettings = {
				ALWAYS_SEARCH_USER_PATHS = NO;
				ASSETCATALOG_COMPILER_GENERATE_SWIFT_ASSET_SYMBOL_EXTENSIONS = YES;
				CLANG_ANALYZER_NONNULL = YES;
				CLANG_CXX_LANGUAGE_STANDARD = "gnu++0x";
				CLANG_CXX_LIBRARY = "libc++";
				CLANG_ENABLE_MODULES = YES;
				CLANG_ENABLE_OBJC_ARC = YES;
				CLANG_WARN_BLOCK_CAPTURE_AUTORELEASING = YES;
				CLANG_WARN_BOOL_CONVERSION = YES;
				CLANG_WARN_COMMA = YES;
				CLANG_WARN_CONSTANT_CONVERSION = YES;
				CLANG_WARN_DEPRECATED_OBJC_IMPLEMENTATIONS = YES;
				CLANG_WARN_DIRECT_OBJC_ISA_USAGE = YES_ERROR;
				CLANG_WARN_EMPTY_BODY = YES;
				CLANG_WARN_ENUM_CONVERSION = YES;
				CLANG_WARN_INFINITE_RECURSION = YES;
				CLANG_WARN_INT_CONVERSION = YES;
				CLANG_WARN_NON_LITERAL_NULL_CONVERSION = YES;
				CLANG_WARN_OBJC_IMPLICIT_RETAIN_SELF = YES;
				CLANG_WARN_OBJC_LITERAL_CONVERSION = YES;
				CLANG_WARN_OBJC_ROOT_CLASS = YES_ERROR;
				CLANG_WARN_RANGE_LOOP_ANALYSIS = YES;
				CLANG_WARN_STRICT_PROTOTYPES = YES;
				CLANG_WARN_SUSPICIOUS_MOVE = YES;
				CLANG_WARN_UNREACHABLE_CODE = YES;
				CLANG_WARN__DUPLICATE_METHOD_MATCH = YES;
				"CODE_SIGN_IDENTITY[sdk=iphoneos*]" = "iPhone Developer";
				COPY_PHASE_STRIP = NO;
				DEBUG_INFORMATION_FORMAT = "dwarf-with-dsym";
				ENABLE_NS_ASSERTIONS = NO;
				ENABLE_STRICT_OBJC_MSGSEND = YES;
				ENABLE_USER_SCRIPT_SANDBOXING = NO;
				GCC_C_LANGUAGE_STANDARD = gnu99;
				GCC_NO_COMMON_BLOCKS = YES;
				GCC_WARN_64_TO_32_BIT_CONVERSION = YES;
				GCC_WARN_ABOUT_RETURN_TYPE = YES_ERROR;
				GCC_WARN_UNDECLARED_SELECTOR = YES;
				GCC_WARN_UNINITIALIZED_AUTOS = YES_AGGRESSIVE;
				GCC_WARN_UNUSED_FUNCTION = YES;
				GCC_WARN_UNUSED_VARIABLE = YES;
				IPHONEOS_DEPLOYMENT_TARGET = 13.0;
				MTL_ENABLE_DEBUG_INFO = NO;
				SDKROOT = iphoneos;
				SUPPORTED_PLATFORMS = iphoneos;
				SWIFT_COMPILATION_MODE = wholemodule;
				SWIFT_OPTIMIZATION_LEVEL = "-O";
				TARGETED_DEVICE_FAMILY = "1,2";
				VALIDATE_PRODUCT = YES;
			};
			name = Release;
		};
		7I5AO4G0AR3ZEDTZZ3KO9SDD /* Profile */ = {
			isa = XCBuildConfiguration;
			buildSettings = {
				ALWAYS_SEARCH_USER_PATHS = NO;
				ASSETCATALOG_COMPILER_GENERATE_SWIFT_ASSET_SYMBOL_EXTENSIONS = YES;
				CLANG_ANALYZER_NONNULL = YES;
				CLANG_CXX_LANGUAGE_STANDARD = "gnu++0x";
				CLANG_CXX_LIBRARY = "libc++";
				CLANG_ENABLE_MODULES = YES;
				CLANG_ENABLE_OBJC_ARC = YES;
				CLANG_WARN_BLOCK_CAPTURE_AUTORELEASING = YES;
				CLANG_WARN_BOOL_CONVERSION = YES;
				CLANG_WARN_COMMA = YES;
				CLANG_WARN_CONSTANT_CONVERSION = YES;
				CLANG_WARN_DEPRECATED_OBJC_IMPLEMENTATIONS = YES;
				CLANG_WARN_DIRECT_OBJC_ISA_USAGE = YES_ERROR;
				CLANG_WARN_EMPTY_BODY = YES;
				CLANG_WARN_ENUM_CONVERSION = YES;
				CLANG_WARN_INFINITE_RECURSION = YES;
				CLANG_WARN_INT_CONVERSION = YES;
				CLANG_WARN_NON_LITERAL_NULL_CONVERSION = YES;
				CLANG_WARN_OBJC_IMPLICIT_RETAIN_SELF = YES;
				CLANG_WARN_OBJC_LITERAL_CONVERSION = YES;
				CLANG_WARN_OBJC_ROOT_CLASS = YES_ERROR;
				CLANG_WARN_RANGE_LOOP_ANALYSIS = YES;
				CLANG_WARN_STRICT_PROTOTYPES = YES;
				CLANG_WARN_SUSPICIOUS_MOVE = YES;
				CLANG_WARN_UNREACHABLE_CODE = YES;
				CLANG_WARN__DUPLICATE_METHOD_MATCH = YES;
				"CODE_SIGN_IDENTITY[sdk=iphoneos*]" = "iPhone Developer";
				COPY_PHASE_STRIP = NO;
				DEBUG_INFORMATION_FORMAT = "dwarf-with-dsym";
				ENABLE_NS_ASSERTIONS = NO;
				ENABLE_STRICT_OBJC_MSGSEND = YES;
				ENABLE_USER_SCRIPT_SANDBOXING = NO;
				GCC_C_LANGUAGE_STANDARD = gnu99;
				GCC_NO_COMMON_BLOCKS = YES;
				GCC_WARN_64_TO_32_BIT_CONVERSION = YES;
				GCC_WARN_ABOUT_RETURN_TYPE = YES_ERROR;
				GCC_WARN_UNDECLARED_SELECTOR = YES;
				GCC_WARN_UNINITIALIZED_AUTOS = YES_AGGRESSIVE;
				GCC_WARN_UNUSED_FUNCTION = YES;
				GCC_WARN_UNUSED_VARIABLE = YES;
				IPHONEOS_DEPLOYMENT_TARGET = 13.0;
				MTL_ENABLE_DEBUG_INFO = NO;
				SDKROOT = iphoneos;
				SUPPORTED_PLATFORMS = iphoneos;
				TARGETED_DEVICE_FAMILY = "1,2";
				VALIDATE_PRODUCT = YES;
			};
			name = Profile;
		};
		8XU6UD81RVF4LQ4SE4U05V7W /* Release */ = {
			isa = XCBuildConfiguration;
			baseConfigurationReference = OWR68S7C0V3I4R8HSYKTJP4T /* Release.xcconfig */;
			buildSettings = {
				ASSETCATALOG_COMPILER_APPICON_NAME = AppIcon;
				CLANG_ENABLE_MODULES = YES;
				"CODE_SIGN_IDENTITY[sdk=iphoneos*]" = "iPhone Distribution";
				CODE_SIGN_STYLE = Manual;
				CURRENT_PROJECT_VERSION = "$(FLUTTER_BUILD_NUMBER)";
				DEVELOPMENT_TEAM = "";
				"DEVELOPMENT_TEAM[sdk=iphoneos*]" = N3GSN4H2J4;
				ENABLE_BITCODE = NO;
				INFOPLIST_FILE = Runner/Info.plist;
				LD_RUNPATH_SEARCH_PATHS = (
					"$(inherited)",
					"@executable_path/Frameworks",
				);
				PRODUCT_BUNDLE_IDENTIFIER = com.zylotherion;
				PRODUCT_NAME = "$(TARGET_NAME)";
				PROVISIONING_PROFILE_SPECIFIER = "";
				"PROVISIONING_PROFILE_SPECIFIER[sdk=iphoneos*]" = N3GSN4H2J4.com.zylotherion;
				SUPPORTED_PLATFORMS = "iphoneos iphonesimulator";
				SUPPORTS_MACCATALYST = NO;
				SUPPORTS_MAC_DESIGNED_FOR_IPHONE_IPAD = NO;
				SUPPORTS_XR_DESIGNED_FOR_IPHONE_IPAD = NO;
				SWIFT_OBJC_BRIDGING_HEADER = "Runner/Runner-Bridging-Header.h";
				SWIFT_VERSION = 5.0;
				TARGETED_DEVICE_FAMILY = "1,2";
				VERSIONING_SYSTEM = "apple-generic";
			};
			name = Release;
		};
		FSPYP4T4W76LSTNFEVSKFUGX /* Profile */ = {
			isa = XCBuildConfiguration;
			baseConfigurationReference = MT3YZW1OANJEDG93F2TMBVJ1 /* Pods-RunnerTests.profile.xcconfig */;
			buildSettings = {
				BUNDLE_LOADER = "$(TEST_HOST)";
				CODE_SIGN_STYLE = Automatic;
				CURRENT_PROJECT_VERSION = 1;
				GENERATE_INFOPLIST_FILE = YES;
				MARKETING_VERSION = 1.0;
				PRODUCT_BUNDLE_IDENTIFIER = com.example.tower.RunnerTests;
				PRODUCT_NAME = "$(TARGET_NAME)";
				SWIFT_VERSION = 5.0;
				TEST_HOST = "$(BUILT_PRODUCTS_DIR)/Runner.app/$(BUNDLE_EXECUTABLE_FOLDER_PATH)/Runner";
			};
			name = Profile;
		};
		MTQFHQUYBFLGLNORZGS93V8W /* Release */ = {
			isa = XCBuildConfiguration;
			baseConfigurationReference = C8WFVR69ZUDZ6OUWVC1EI1WR /* Pods-RunnerTests.release.xcconfig */;
			buildSettings = {
				BUNDLE_LOADER = "$(TEST_HOST)";
				CODE_SIGN_STYLE = Automatic;
				CURRENT_PROJECT_VERSION = 1;
				GENERATE_INFOPLIST_FILE = YES;
				MARKETING_VERSION = 1.0;
				PRODUCT_BUNDLE_IDENTIFIER = com.example.tower.RunnerTests;
				PRODUCT_NAME = "$(TARGET_NAME)";
				SWIFT_VERSION = 5.0;
				TEST_HOST = "$(BUILT_PRODUCTS_DIR)/Runner.app/$(BUNDLE_EXECUTABLE_FOLDER_PATH)/Runner";
			};
			name = Release;
		};
		RZ80Q6HEDWM3V6NI0JRD3MLK /* Debug */ = {
			isa = XCBuildConfiguration;
			baseConfigurationReference = QYOGROXH156DKD42CO3UHKJW /* Pods-RunnerTests.debug.xcconfig */;
			buildSettings = {
				BUNDLE_LOADER = "$(TEST_HOST)";
				CODE_SIGN_STYLE = Automatic;
				CURRENT_PROJECT_VERSION = 1;
				GENERATE_INFOPLIST_FILE = YES;
				MARKETING_VERSION = 1.0;
				PRODUCT_BUNDLE_IDENTIFIER = com.example.tower.RunnerTests;
				PRODUCT_NAME = "$(TARGET_NAME)";
				SWIFT_ACTIVE_COMPILATION_CONDITIONS = DEBUG;
				SWIFT_OPTIMIZATION_LEVEL = "-Onone";
				SWIFT_VERSION = 5.0;
				TEST_HOST = "$(BUILT_PRODUCTS_DIR)/Runner.app/$(BUNDLE_EXECUTABLE_FOLDER_PATH)/Runner";
			};
			name = Debug;
		};
		TZQAPO52WZSBLZ9W85KI0NSB /* Profile */ = {
			isa = XCBuildConfiguration;
			baseConfigurationReference = OWR68S7C0V3I4R8HSYKTJP4T /* Release.xcconfig */;
			buildSettings = {
				ASSETCATALOG_COMPILER_APPICON_NAME = AppIcon;
				CLANG_ENABLE_MODULES = YES;
				"CODE_SIGN_IDENTITY[sdk=iphoneos*]" = "iPhone Distribution";
				CODE_SIGN_STYLE = Manual;
				CURRENT_PROJECT_VERSION = "$(FLUTTER_BUILD_NUMBER)";
				DEVELOPMENT_TEAM = "";
				"DEVELOPMENT_TEAM[sdk=iphoneos*]" = N3GSN4H2J4;
				ENABLE_BITCODE = NO;
				INFOPLIST_FILE = Runner/Info.plist;
				LD_RUNPATH_SEARCH_PATHS = (
					"$(inherited)",
					"@executable_path/Frameworks",
				);
				PRODUCT_BUNDLE_IDENTIFIER = com.zylotherion;
				PRODUCT_NAME = "$(TARGET_NAME)";
				PROVISIONING_PROFILE_SPECIFIER = "";
				"PROVISIONING_PROFILE_SPECIFIER[sdk=iphoneos*]" = N3GSN4H2J4.com.zylotherion;
				SUPPORTED_PLATFORMS = "iphoneos iphonesimulator";
				SUPPORTS_MACCATALYST = NO;
				SUPPORTS_MAC_DESIGNED_FOR_IPHONE_IPAD = NO;
				SUPPORTS_XR_DESIGNED_FOR_IPHONE_IPAD = NO;
				SWIFT_OBJC_BRIDGING_HEADER = "Runner/Runner-Bridging-Header.h";
				SWIFT_VERSION = 5.0;
				TARGETED_DEVICE_FAMILY = "1,2";
				VERSIONING_SYSTEM = "apple-generic";
			};
			name = Profile;
		};
		WK3OH5RU02CGOE7EMXWOQTLZ /* Debug */ = {
			isa = XCBuildConfiguration;
			buildSettings = {
				ALWAYS_SEARCH_USER_PATHS = NO;
				ASSETCATALOG_COMPILER_GENERATE_SWIFT_ASSET_SYMBOL_EXTENSIONS = YES;
				CLANG_ANALYZER_NONNULL = YES;
				CLANG_CXX_LANGUAGE_STANDARD = "gnu++0x";
				CLANG_CXX_LIBRARY = "libc++";
				CLANG_ENABLE_MODULES = YES;
				CLANG_ENABLE_OBJC_ARC = YES;
				CLANG_WARN_BLOCK_CAPTURE_AUTORELEASING = YES;
				CLANG_WARN_BOOL_CONVERSION = YES;
				CLANG_WARN_COMMA = YES;
				CLANG_WARN_CONSTANT_CONVERSION = YES;
				CLANG_WARN_DEPRECATED_OBJC_IMPLEMENTATIONS = YES;
				CLANG_WARN_DIRECT_OBJC_ISA_USAGE = YES_ERROR;
				CLANG_WARN_EMPTY_BODY = YES;
				CLANG_WARN_ENUM_CONVERSION = YES;
				CLANG_WARN_INFINITE_RECURSION = YES;
				CLANG_WARN_INT_CONVERSION = YES;
				CLANG_WARN_NON_LITERAL_NULL_CONVERSION = YES;
				CLANG_WARN_OBJC_IMPLICIT_RETAIN_SELF = YES;
				CLANG_WARN_OBJC_LITERAL_CONVERSION = YES;
				CLANG_WARN_OBJC_ROOT_CLASS = YES_ERROR;
				CLANG_WARN_RANGE_LOOP_ANALYSIS = YES;
				CLANG_WARN_STRICT_PROTOTYPES = YES;
				CLANG_WARN_SUSPICIOUS_MOVE = YES;
				CLANG_WARN_UNREACHABLE_CODE = YES;
				CLANG_WARN__DUPLICATE_METHOD_MATCH = YES;
				"CODE_SIGN_IDENTITY[sdk=iphoneos*]" = "iPhone Developer";
				COPY_PHASE_STRIP = NO;
				DEBUG_INFORMATION_FORMAT = dwarf;
				ENABLE_STRICT_OBJC_MSGSEND = YES;
				ENABLE_TESTABILITY = YES;
				ENABLE_USER_SCRIPT_SANDBOXING = NO;
				GCC_C_LANGUAGE_STANDARD = gnu99;
				GCC_DYNAMIC_NO_PIC = NO;
				GCC_NO_COMMON_BLOCKS = YES;
				GCC_OPTIMIZATION_LEVEL = 0;
				GCC_PREPROCESSOR_DEFINITIONS = (
					"DEBUG=1",
					"$(inherited)",
				);
				GCC_WARN_64_TO_32_BIT_CONVERSION = YES;
				GCC_WARN_ABOUT_RETURN_TYPE = YES_ERROR;
				GCC_WARN_UNDECLARED_SELECTOR = YES;
				GCC_WARN_UNINITIALIZED_AUTOS = YES_AGGRESSIVE;
				GCC_WARN_UNUSED_FUNCTION = YES;
				GCC_WARN_UNUSED_VARIABLE = YES;
				IPHONEOS_DEPLOYMENT_TARGET = 13.0;
				MTL_ENABLE_DEBUG_INFO = YES;
				ONLY_ACTIVE_ARCH = YES;
				SDKROOT = iphoneos;
				TARGETED_DEVICE_FAMILY = "1,2";
			};
			name = Debug;
		};
/* End XCBuildConfiguration section */

/* Begin XCConfigurationList section */
		DN4XV89QL78OTYRTFF7F5GFC /* Build configuration list for PBXNativeTarget "Runner" */ = {
			isa = XCConfigurationList;
			buildConfigurations = (
				1CLC6MGBCXCER19H4EUFO8XK /* Debug */,
				8XU6UD81RVF4LQ4SE4U05V7W /* Release */,
				TZQAPO52WZSBLZ9W85KI0NSB /* Profile */,
			);
			defaultConfigurationIsVisible = 0;
			defaultConfigurationName = Release;
		};
		HMEAKYR0GEI43F9Q4TYQLB2M /* Build configuration list for PBXNativeTarget "RunnerTests" */ = {
			isa = XCConfigurationList;
			buildConfigurations = (
				RZ80Q6HEDWM3V6NI0JRD3MLK /* Debug */,
				MTQFHQUYBFLGLNORZGS93V8W /* Release */,
				FSPYP4T4W76LSTNFEVSKFUGX /* Profile */,
			);
			defaultConfigurationIsVisible = 0;
			defaultConfigurationName = Release;
		};
		VJOEKT69GUXX3GICIRY4UH7T /* Build configuration list for PBXProject "Runner" */ = {
			isa = XCConfigurationList;
			buildConfigurations = (
				WK3OH5RU02CGOE7EMXWOQTLZ /* Debug */,
				41ZYBCH2YLC4RQ7IK29NC60V /* Release */,
				7I5AO4G0AR3ZEDTZZ3KO9SDD /* Profile */,
			);
			defaultConfigurationIsVisible = 0;
			defaultConfigurationName = Release;
		};
/* End XCConfigurationList section */
	};
	rootObject = 8I9O3N534IW68YHCMOLFJ1F3 /* Project object */;
}
