// !$*UTF8*$!
{
	archiveVersion = 1;
	classes = {
	};
	objectVersion = 54;
	objects = {

/* Begin PBXBuildFile section */
		B546ZXAXR50VLPECIZU1G3P1 /* Assets.xcassets in Resources */ = {isa = PBXBuildFile; fileRef = H5YZ0Y24S6N4FOQBSKAD6TEN /* Assets.xcassets */; };
		GHM5QKTAQOFZQOTOHDR1T9L6 /* Pods_RunnerTests.framework in Frameworks */ = {isa = PBXBuildFile; fileRef = 3X5X32GEC0OKFF8BVE5ETRMZ /* Pods_RunnerTests.framework */; };
		PBOZ316ZQZZYI3C9ZAP7HL97 /* GeneratedPluginRegistrant.m in Sources */ = {isa = PBXBuildFile; fileRef = EBI6O4FCAV5SQKLS0VHGQW2E /* GeneratedPluginRegistrant.m */; };
		RMTM9JHWAVC64B33YCIVD23Y /* RunnerTests.swift in Sources */ = {isa = PBXBuildFile; fileRef = 6IJ73MFEYSEHOWFYWZSNSA6L /* RunnerTests.swift */; };
		V2UBCFEJZ083PF81O4UQFYNI /* Main.storyboard in Resources */ = {isa = PBXBuildFile; fileRef = 2RWGONVS9DDEZ59XY2YW3A2H /* Main.storyboard */; };
		VDIFB8WACB8N811T7UGQT6Q1 /* Pods_Runner.framework in Frameworks */ = {isa = PBXBuildFile; fileRef = 00GGLBQDIK1G9G10W881APFO /* Pods_Runner.framework */; };
		WZ0KD6X4ATKWRIW14RKC201W /* AppDelegate.swift in Sources */ = {isa = PBXBuildFile; fileRef = IV8401BK2PR1CF9ZH53SKNJJ /* AppDelegate.swift */; };
		YLW5NHHUATDIZB7OJJIM202N /* AppFrameworkInfo.plist in Resources */ = {isa = PBXBuildFile; fileRef = 5D4F2X4KXPDWOI8JBMZVNRUH /* AppFrameworkInfo.plist */; };
		ZCRJW1J2GUTX8UIDDZ3QD7KW /* LaunchScreen.storyboard in Resources */ = {isa = PBXBuildFile; fileRef = M948ZWVKZHSR484OX6E1E6GS /* LaunchScreen.storyboard */; };
/* End PBXBuildFile section */

/* Begin PBXContainerItemProxy section */
		HYSQ6JH89CTLPHQN6TVLEQRX /* PBXContainerItemProxy */ = {
			isa = PBXContainerItemProxy;
			containerPortal = P40TY7X0INIFTPB2BSZQ4GOL /* Project object */;
			proxyType = 1;
			remoteGlobalIDString = OU7I595A0YY2RB2NQ388EXAG;
			remoteInfo = Runner;
		};
/* End PBXContainerItemProxy section */

/* Begin PBXCopyFilesBuildPhase section */
		6D15BAGILS10PZBCKXJS6MFZ /* Embed Frameworks */ = {
			isa = PBXCopyFilesBuildPhase;
			buildActionMask = 2147483647;
			dstPath = "";
			dstSubfolderSpec = 10;
			files = (
			);
			name = "Embed Frameworks";
			runOnlyForDeploymentPostprocessing = 0;
		};
/* End PBXCopyFilesBuildPhase section */

/* Begin PBXFileReference section */
		00GGLBQDIK1G9G10W881APFO /* Pods_Runner.framework */ = {isa = PBXFileReference; explicitFileType = wrapper.framework; includeInIndex = 0; path = Pods_Runner.framework; sourceTree = BUILT_PRODUCTS_DIR; };
		0FLKRJWUHY40OHIBIWD1TMTK /* Base */ = {isa = PBXFileReference; lastKnownFileType = file.storyboard; name = Base; path = Base.lproj/LaunchScreen.storyboard; sourceTree = "<group>"; };
		266WR13MO2GCITOMQAKVR4YI /* Pods-RunnerTests.profile.xcconfig */ = {isa = PBXFileReference; includeInIndex = 1; lastKnownFileType = text.xcconfig; name = "Pods-RunnerTests.profile.xcconfig"; path = "Target Support Files/Pods-RunnerTests/Pods-RunnerTests.profile.xcconfig"; sourceTree = "<group>"; };
		3X5X32GEC0OKFF8BVE5ETRMZ /* Pods_RunnerTests.framework */ = {isa = PBXFileReference; explicitFileType = wrapper.framework; includeInIndex = 0; path = Pods_RunnerTests.framework; sourceTree = BUILT_PRODUCTS_DIR; };
		5D4F2X4KXPDWOI8JBMZVNRUH /* AppFrameworkInfo.plist */ = {isa = PBXFileReference; fileEncoding = 4; lastKnownFileType = text.plist.xml; name = AppFrameworkInfo.plist; path = Flutter/AppFrameworkInfo.plist; sourceTree = "<group>"; };
		60HXPXC0HM8CX6H07UQST46C /* Runner-Bridging-Header.h */ = {isa = PBXFileReference; lastKnownFileType = sourcecode.c.h; path = "Runner-Bridging-Header.h"; sourceTree = "<group>"; };
		6IJ73MFEYSEHOWFYWZSNSA6L /* RunnerTests.swift */ = {isa = PBXFileReference; lastKnownFileType = sourcecode.swift; path = RunnerTests.swift; sourceTree = "<group>"; };
		8D8UXC0RX550JPF8RSWFWWSO /* Runner.app */ = {isa = PBXFileReference; explicitFileType = wrapper.application; includeInIndex = 0; path = Runner.app; sourceTree = BUILT_PRODUCTS_DIR; };
		92L0LITYJ94F02YZLX5N23WK /* Debug.xcconfig */ = {isa = PBXFileReference; fileEncoding = 4; lastKnownFileType = text.xcconfig; name = Debug.xcconfig; path = Flutter/Debug.xcconfig; sourceTree = "<group>"; };
		D4O7CKAU6G02C4ATQIDG1N4E /* Release.xcconfig */ = {isa = PBXFileReference; lastKnownFileType = text.xcconfig; name = Release.xcconfig; path = Flutter/Release.xcconfig; sourceTree = "<group>"; };
		DCMS8RSBVSDQBZJ7GQ2WIZPQ /* RunnerTests.xctest */ = {isa = PBXFileReference; explicitFileType = wrapper.cfbundle; includeInIndex = 0; path = RunnerTests.xctest; sourceTree = BUILT_PRODUCTS_DIR; };
		EBI6O4FCAV5SQKLS0VHGQW2E /* GeneratedPluginRegistrant.m */ = {isa = PBXFileReference; fileEncoding = 4; lastKnownFileType = sourcecode.c.objc; path = GeneratedPluginRegistrant.m; sourceTree = "<group>"; };
		ETGPT9NF5UX00IA2G1PALFCL /* Pods-Runner.release.xcconfig */ = {isa = PBXFileReference; includeInIndex = 1; lastKnownFileType = text.xcconfig; name = "Pods-Runner.release.xcconfig"; path = "Target Support Files/Pods-Runner/Pods-Runner.release.xcconfig"; sourceTree = "<group>"; };
		FFW2GECUF0AEVOOW0YPPJHPE /* Pods-Runner.debug.xcconfig */ = {isa = PBXFileReference; includeInIndex = 1; lastKnownFileType = text.xcconfig; name = "Pods-Runner.debug.xcconfig"; path = "Target Support Files/Pods-Runner/Pods-Runner.debug.xcconfig"; sourceTree = "<group>"; };
		H5YZ0Y24S6N4FOQBSKAD6TEN /* Assets.xcassets */ = {isa = PBXFileReference; lastKnownFileType = folder.assetcatalog; path = Assets.xcassets; sourceTree = "<group>"; };
		I6H8MY10G10IBUPMNV5RIXOP /* Pods-RunnerTests.debug.xcconfig */ = {isa = PBXFileReference; includeInIndex = 1; lastKnownFileType = text.xcconfig; name = "Pods-RunnerTests.debug.xcconfig"; path = "Target Support Files/Pods-RunnerTests/Pods-RunnerTests.debug.xcconfig"; sourceTree = "<group>"; };
		IV8401BK2PR1CF9ZH53SKNJJ /* AppDelegate.swift */ = {isa = PBXFileReference; fileEncoding = 4; lastKnownFileType = sourcecode.swift; path = AppDelegate.swift; sourceTree = "<group>"; };
		JEKJL3Y88AP5ESJ6QBTP8BRH /* Generated.xcconfig */ = {isa = PBXFileReference; fileEncoding = 4; lastKnownFileType = text.xcconfig; name = Generated.xcconfig; path = Flutter/Generated.xcconfig; sourceTree = "<group>"; };
		JRQ54RNZG7B3UDA87469CZCJ /* GeneratedPluginRegistrant.h */ = {isa = PBXFileReference; lastKnownFileType = sourcecode.c.h; path = GeneratedPluginRegistrant.h; sourceTree = "<group>"; };
		KYVX0KZCXZ8GM2568X8W4SFU /* Pods-Runner.profile.xcconfig */ = {isa = PBXFileReference; includeInIndex = 1; lastKnownFileType = text.xcconfig; name = "Pods-Runner.profile.xcconfig"; path = "Target Support Files/Pods-Runner/Pods-Runner.profile.xcconfig"; sourceTree = "<group>"; };
		NG8KUK5ZVZNS1JTK33RFZ1ZN /* Pods-RunnerTests.release.xcconfig */ = {isa = PBXFileReference; includeInIndex = 1; lastKnownFileType = text.xcconfig; name = "Pods-RunnerTests.release.xcconfig"; path = "Target Support Files/Pods-RunnerTests/Pods-RunnerTests.release.xcconfig"; sourceTree = "<group>"; };
		P2HDUOGN7L9SZS0IW5DUIH1R /* Info.plist */ = {isa = PBXFileReference; lastKnownFileType = text.plist.xml; path = Info.plist; sourceTree = "<group>"; };
		PDXTRDEKFLB42BE45VJR2Z0O /* Base */ = {isa = PBXFileReference; lastKnownFileType = file.storyboard; name = Base; path = Base.lproj/Main.storyboard; sourceTree = "<group>"; };
/* End PBXFileReference section */

/* Begin PBXFrameworksBuildPhase section */
		75YY4SOVC2NWHGHP7J2MCC21 /* Frameworks */ = {
			isa = PBXFrameworksBuildPhase;
			buildActionMask = 2147483647;
			files = (
				VDIFB8WACB8N811T7UGQT6Q1 /* Pods_Runner.framework in Frameworks */,
			);
			runOnlyForDeploymentPostprocessing = 0;
		};
		WD84KVUSL16AWSL247EH37YT /* Frameworks */ = {
			isa = PBXFrameworksBuildPhase;
			buildActionMask = 2147483647;
			files = (
				GHM5QKTAQOFZQOTOHDR1T9L6 /* Pods_RunnerTests.framework in Frameworks */,
			);
			runOnlyForDeploymentPostprocessing = 0;
		};
/* End PBXFrameworksBuildPhase section */

/* Begin PBXGroup section */
		0JQRDW95IMNMYHA4X4KOL0HC /* Frameworks */ = {
			isa = PBXGroup;
			children = (
				00GGLBQDIK1G9G10W881APFO /* Pods_Runner.framework */,
				3X5X32GEC0OKFF8BVE5ETRMZ /* Pods_RunnerTests.framework */,
			);
			name = Frameworks;
			sourceTree = "<group>";
		};
		1IGWHGGMGIEPZAISGC3SXMU3 /* Flutter */ = {
			isa = PBXGroup;
			children = (
				5D4F2X4KXPDWOI8JBMZVNRUH /* AppFrameworkInfo.plist */,
				92L0LITYJ94F02YZLX5N23WK /* Debug.xcconfig */,
				D4O7CKAU6G02C4ATQIDG1N4E /* Release.xcconfig */,
				JEKJL3Y88AP5ESJ6QBTP8BRH /* Generated.xcconfig */,
			);
			name = Flutter;
			sourceTree = "<group>";
		};
		6QS7RQXI2A0SROC9A08D3GMH /* Pods */ = {
			isa = PBXGroup;
			children = (
				ETGPT9NF5UX00IA2G1PALFCL /* Pods-Runner.release.xcconfig */,
				FFW2GECUF0AEVOOW0YPPJHPE /* Pods-Runner.debug.xcconfig */,
				NG8KUK5ZVZNS1JTK33RFZ1ZN /* Pods-RunnerTests.release.xcconfig */,
				KYVX0KZCXZ8GM2568X8W4SFU /* Pods-Runner.profile.xcconfig */,
				266WR13MO2GCITOMQAKVR4YI /* Pods-RunnerTests.profile.xcconfig */,
				I6H8MY10G10IBUPMNV5RIXOP /* Pods-RunnerTests.debug.xcconfig */,
			);
			path = Pods;
			sourceTree = "<group>";
		};
		6TTADGPCUHTOTEXWBFYH9SJI /* RunnerTests */ = {
			isa = PBXGroup;
			children = (
				6IJ73MFEYSEHOWFYWZSNSA6L /* RunnerTests.swift */,
			);
			path = RunnerTests;
			sourceTree = "<group>";
		};
		DV9NU6EXYX36UNHZDDO9Q0C5 /* Runner */ = {
			isa = PBXGroup;
			children = (
				60HXPXC0HM8CX6H07UQST46C /* Runner-Bridging-Header.h */,
				H5YZ0Y24S6N4FOQBSKAD6TEN /* Assets.xcassets */,
				P2HDUOGN7L9SZS0IW5DUIH1R /* Info.plist */,
				IV8401BK2PR1CF9ZH53SKNJJ /* AppDelegate.swift */,
				M948ZWVKZHSR484OX6E1E6GS /* LaunchScreen.storyboard */,
				EBI6O4FCAV5SQKLS0VHGQW2E /* GeneratedPluginRegistrant.m */,
				JRQ54RNZG7B3UDA87469CZCJ /* GeneratedPluginRegistrant.h */,
				2RWGONVS9DDEZ59XY2YW3A2H /* Main.storyboard */,
			);
			path = Runner;
			sourceTree = "<group>";
		};
		HBQDH6OB41T6XHQQQ1G2EPPN = {
			isa = PBXGroup;
			children = (
				0JQRDW95IMNMYHA4X4KOL0HC /* Frameworks */,
				OTI2PGWDTR40AZZU4HUC90SK /* Products */,
				1IGWHGGMGIEPZAISGC3SXMU3 /* Flutter */,
				DV9NU6EXYX36UNHZDDO9Q0C5 /* Runner */,
				6QS7RQXI2A0SROC9A08D3GMH /* Pods */,
				6TTADGPCUHTOTEXWBFYH9SJI /* RunnerTests */,
			);
			sourceTree = "<group>";
		};
		OTI2PGWDTR40AZZU4HUC90SK /* Products */ = {
			isa = PBXGroup;
			children = (
				8D8UXC0RX550JPF8RSWFWWSO /* Runner.app */,
				DCMS8RSBVSDQBZJ7GQ2WIZPQ /* RunnerTests.xctest */,
			);
			name = Products;
			sourceTree = "<group>";
		};
/* End PBXGroup section */

/* Begin PBXNativeTarget section */
		GBDG8DDUM2Y2WO1QM909XPH7 /* RunnerTests */ = {
			isa = PBXNativeTarget;
			buildConfigurationList = 8AA28WQ8KLN3M20Y9VNXFXTT /* Build configuration list for PBXNativeTarget "RunnerTests" */;
			buildPhases = (
				LT4KEAFY8HQHBIYSMR6SOZQ7 /* [CP] Check Pods Manifest.lock */,
				IIKOSJFZ3C4V2QJSKOF2METD /* Sources */,
				MKZ44X31AWEGP1P1LOOSPEXO /* Resources */,
				WD84KVUSL16AWSL247EH37YT /* Frameworks */,
			);
			buildRules = (
			);
			dependencies = (
				DZN5DWW6LK0XIXJH0HWP3K8J /* PBXTargetDependency */,
			);
			name = RunnerTests;
			productName = RunnerTests;
			productReference = DCMS8RSBVSDQBZJ7GQ2WIZPQ /* RunnerTests.xctest */;
			productType = "com.apple.product-type.bundle.unit-test";
		};
		OU7I595A0YY2RB2NQ388EXAG /* Runner */ = {
			isa = PBXNativeTarget;
			buildConfigurationList = Q7QA31C60XNNA40KSBT19T7W /* Build configuration list for PBXNativeTarget "Runner" */;
			buildPhases = (
				F85J8HEP3C8S5CA9XI1GYF5N /* [CP] Check Pods Manifest.lock */,
				RXP2SGURUOLG93PUXQ50Y435 /* Run Script */,
				M7ZQJJWPNI0WYDR14JI4RM75 /* Sources */,
				75YY4SOVC2NWHGHP7J2MCC21 /* Frameworks */,
				59M2QXL6YHYAQ5SU0XEFQ1TA /* Resources */,
				6D15BAGILS10PZBCKXJS6MFZ /* Embed Frameworks */,
				BYGR0TRZ546OJ2OHVWQG96GF /* Thin Binary */,
				ARL252EZHN39LR904AIZLDZO /* [CP] Embed Pods Frameworks */,
			);
			buildRules = (
			);
			dependencies = (
			);
			name = Runner;
			productName = Runner;
			productReference = 8D8UXC0RX550JPF8RSWFWWSO /* Runner.app */;
			productType = "com.apple.product-type.application";
		};
/* End PBXNativeTarget section */

/* Begin PBXProject section */
		P40TY7X0INIFTPB2BSZQ4GOL /* Project object */ = {
			isa = PBXProject;
			attributes = {
				BuildIndependentTargetsInParallel = YES;
				LastUpgradeCheck = 1510;
				ORGANIZATIONNAME = "";
				TargetAttributes = {
					GBDG8DDUM2Y2WO1QM909XPH7 = {
						CreatedOnToolsVersion = 14.0;
						TestTargetID = OU7I595A0YY2RB2NQ388EXAG;
					};
					OU7I595A0YY2RB2NQ388EXAG = {
						CreatedOnToolsVersion = 7.3.1;
						LastSwiftMigration = 1100;
					};
				};
			};
			buildConfigurationList = UMFT36KDVU2E9E0CPRNO2SZB /* Build configuration list for PBXProject "Runner" */;
			compatibilityVersion = "Xcode 9.3";
			developmentRegion = en;
			hasScannedForEncodings = 0;
			knownRegions = (
				en,
				Base,
			);
			mainGroup = HBQDH6OB41T6XHQQQ1G2EPPN;
			productRefGroup = OTI2PGWDTR40AZZU4HUC90SK /* Products */;
			projectDirPath = "";
			projectRoot = "";
			targets = (
				OU7I595A0YY2RB2NQ388EXAG /* Runner */,
				GBDG8DDUM2Y2WO1QM909XPH7 /* RunnerTests */,
			);
		};
/* End PBXProject section */

/* Begin PBXResourcesBuildPhase section */
		59M2QXL6YHYAQ5SU0XEFQ1TA /* Resources */ = {
			isa = PBXResourcesBuildPhase;
			buildActionMask = 2147483647;
			files = (
				ZCRJW1J2GUTX8UIDDZ3QD7KW /* LaunchScreen.storyboard in Resources */,
				YLW5NHHUATDIZB7OJJIM202N /* AppFrameworkInfo.plist in Resources */,
				B546ZXAXR50VLPECIZU1G3P1 /* Assets.xcassets in Resources */,
				V2UBCFEJZ083PF81O4UQFYNI /* Main.storyboard in Resources */,
			);
			runOnlyForDeploymentPostprocessing = 0;
		};
		MKZ44X31AWEGP1P1LOOSPEXO /* Resources */ = {
			isa = PBXResourcesBuildPhase;
			buildActionMask = 2147483647;
			files = (
			);
			runOnlyForDeploymentPostprocessing = 0;
		};
/* End PBXResourcesBuildPhase section */

/* Begin PBXShellScriptBuildPhase section */
		ARL252EZHN39LR904AIZLDZO /* [CP] Embed Pods Frameworks */ = {
			isa = PBXShellScriptBuildPhase;
			buildActionMask = 2147483647;
			files = (
			);
			inputFileListPaths = (
				"${PODS_ROOT}/Target Support Files/Pods-Runner/Pods-Runner-frameworks-${CONFIGURATION}-input-files.xcfilelist",
			);
			name = "[CP] Embed Pods Frameworks";
			outputFileListPaths = (
				"${PODS_ROOT}/Target Support Files/Pods-Runner/Pods-Runner-frameworks-${CONFIGURATION}-output-files.xcfilelist",
			);
			runOnlyForDeploymentPostprocessing = 0;
			shellPath = /bin/sh;
			shellScript = "\"${PODS_ROOT}/Target Support Files/Pods-Runner/Pods-Runner-frameworks.sh\"\n";
			showEnvVarsInLog = 0;
		};
		BYGR0TRZ546OJ2OHVWQG96GF /* Thin Binary */ = {
			isa = PBXShellScriptBuildPhase;
			alwaysOutOfDate = 1;
			buildActionMask = 2147483647;
			files = (
			);
			inputPaths = (
				"${TARGET_BUILD_DIR}/${INFOPLIST_PATH}",
			);
			name = "Thin Binary";
			outputPaths = (
			);
			runOnlyForDeploymentPostprocessing = 0;
			shellPath = /bin/sh;
			shellScript = "/bin/sh \"$FLUTTER_ROOT/packages/flutter_tools/bin/xcode_backend.sh\" embed_and_thin";
		};
		F85J8HEP3C8S5CA9XI1GYF5N /* [CP] Check Pods Manifest.lock */ = {
			isa = PBXShellScriptBuildPhase;
			buildActionMask = 2147483647;
			files = (
			);
			inputFileListPaths = (
			);
			inputPaths = (
				"${PODS_PODFILE_DIR_PATH}/Podfile.lock",
				"${PODS_ROOT}/Manifest.lock",
			);
			name = "[CP] Check Pods Manifest.lock";
			outputFileListPaths = (
			);
			outputPaths = (
				"$(DERIVED_FILE_DIR)/Pods-Runner-checkManifestLockResult.txt",
			);
			runOnlyForDeploymentPostprocessing = 0;
			shellPath = /bin/sh;
			shellScript = "diff \"${PODS_PODFILE_DIR_PATH}/Podfile.lock\" \"${PODS_ROOT}/Manifest.lock\" > /dev/null\nif [ $? != 0 ] ; then\n    # print error to STDERR\n    echo \"error: The sandbox is not in sync with the Podfile.lock. Run 'pod install' or update your CocoaPods installation.\" >&2\n    exit 1\nfi\n# This output is used by Xcode 'outputs' to avoid re-running this script phase.\necho \"SUCCESS\" > \"${SCRIPT_OUTPUT_FILE_0}\"\n";
			showEnvVarsInLog = 0;
		};
		LT4KEAFY8HQHBIYSMR6SOZQ7 /* [CP] Check Pods Manifest.lock */ = {
			isa = PBXShellScriptBuildPhase;
			buildActionMask = 2147483647;
			files = (
			);
			inputFileListPaths = (
			);
			inputPaths = (
				"${PODS_PODFILE_DIR_PATH}/Podfile.lock",
				"${PODS_ROOT}/Manifest.lock",
			);
			name = "[CP] Check Pods Manifest.lock";
			outputFileListPaths = (
			);
			outputPaths = (
				"$(DERIVED_FILE_DIR)/Pods-RunnerTests-checkManifestLockResult.txt",
			);
			runOnlyForDeploymentPostprocessing = 0;
			shellPath = /bin/sh;
			shellScript = "diff \"${PODS_PODFILE_DIR_PATH}/Podfile.lock\" \"${PODS_ROOT}/Manifest.lock\" > /dev/null\nif [ $? != 0 ] ; then\n    # print error to STDERR\n    echo \"error: The sandbox is not in sync with the Podfile.lock. Run 'pod install' or update your CocoaPods installation.\" >&2\n    exit 1\nfi\n# This output is used by Xcode 'outputs' to avoid re-running this script phase.\necho \"SUCCESS\" > \"${SCRIPT_OUTPUT_FILE_0}\"\n";
			showEnvVarsInLog = 0;
		};
		RXP2SGURUOLG93PUXQ50Y435 /* Run Script */ = {
			isa = PBXShellScriptBuildPhase;
			alwaysOutOfDate = 1;
			buildActionMask = 2147483647;
			files = (
			);
			inputPaths = (
			);
			name = "Run Script";
			outputPaths = (
			);
			runOnlyForDeploymentPostprocessing = 0;
			shellPath = /bin/sh;
			shellScript = "/bin/sh \"$FLUTTER_ROOT/packages/flutter_tools/bin/xcode_backend.sh\" build";
		};
/* End PBXShellScriptBuildPhase section */

/* Begin PBXSourcesBuildPhase section */
		IIKOSJFZ3C4V2QJSKOF2METD /* Sources */ = {
			isa = PBXSourcesBuildPhase;
			buildActionMask = 2147483647;
			files = (
				RMTM9JHWAVC64B33YCIVD23Y /* RunnerTests.swift in Sources */,
			);
			runOnlyForDeploymentPostprocessing = 0;
		};
		M7ZQJJWPNI0WYDR14JI4RM75 /* Sources */ = {
			isa = PBXSourcesBuildPhase;
			buildActionMask = 2147483647;
			files = (
				WZ0KD6X4ATKWRIW14RKC201W /* AppDelegate.swift in Sources */,
				PBOZ316ZQZZYI3C9ZAP7HL97 /* GeneratedPluginRegistrant.m in Sources */,
			);
			runOnlyForDeploymentPostprocessing = 0;
		};
/* End PBXSourcesBuildPhase section */

/* Begin PBXTargetDependency section */
		DZN5DWW6LK0XIXJH0HWP3K8J /* PBXTargetDependency */ = {
			isa = PBXTargetDependency;
			target = OU7I595A0YY2RB2NQ388EXAG /* Runner */;
			targetProxy = HYSQ6JH89CTLPHQN6TVLEQRX /* PBXContainerItemProxy */;
		};
/* End PBXTargetDependency section */

/* Begin PBXVariantGroup section */
		2RWGONVS9DDEZ59XY2YW3A2H /* Main.storyboard */ = {
			isa = PBXVariantGroup;
			children = (
				PDXTRDEKFLB42BE45VJR2Z0O /* Base */,
			);
			name = Main.storyboard;
			sourceTree = "<group>";
		};
		M948ZWVKZHSR484OX6E1E6GS /* LaunchScreen.storyboard */ = {
			isa = PBXVariantGroup;
			children = (
				0FLKRJWUHY40OHIBIWD1TMTK /* Base */,
			);
			name = LaunchScreen.storyboard;
			sourceTree = "<group>";
		};
/* End PBXVariantGroup section */

/* Begin XCBuildConfiguration section */
		08FA7J11BKFR63EGGYHV6EF8 /* Debug */ = {
			isa = XCBuildConfiguration;
			baseConfigurationReference = I6H8MY10G10IBUPMNV5RIXOP /* Pods-RunnerTests.debug.xcconfig */;
			buildSettings = {
				BUNDLE_LOADER = "$(TEST_HOST)";
				CODE_SIGN_STYLE = Automatic;
				CURRENT_PROJECT_VERSION = 1;
				GENERATE_INFOPLIST_FILE = YES;
				MARKETING_VERSION = 1.0;
				PRODUCT_BUNDLE_IDENTIFIER = com.Orclavitasyn.Orclavitasyn.RunnerTests;
				PRODUCT_NAME = "$(TARGET_NAME)";
				SWIFT_ACTIVE_COMPILATION_CONDITIONS = DEBUG;
				SWIFT_OPTIMIZATION_LEVEL = "-Onone";
				SWIFT_VERSION = 5.0;
				TEST_HOST = "$(BUILT_PRODUCTS_DIR)/Runner.app/$(BUNDLE_EXECUTABLE_FOLDER_PATH)/Runner";
			};
			name = Debug;
		};
		4OKXHW9UAOBI6LWAGY7XF4MJ /* Profile */ = {
			isa = XCBuildConfiguration;
			buildSettings = {
				ALWAYS_SEARCH_USER_PATHS = NO;
				ASSETCATALOG_COMPILER_GENERATE_SWIFT_ASSET_SYMBOL_EXTENSIONS = YES;
				CLANG_ANALYZER_NONNULL = YES;
				CLANG_CXX_LANGUAGE_STANDARD = "gnu++0x";
				CLANG_CXX_LIBRARY = "libc++";
				CLANG_ENABLE_MODULES = YES;
				CLANG_ENABLE_OBJC_ARC = YES;
				CLANG_WARN_BLOCK_CAPTURE_AUTORELEASING = YES;
				CLANG_WARN_BOOL_CONVERSION = YES;
				CLANG_WARN_COMMA = YES;
				CLANG_WARN_CONSTANT_CONVERSION = YES;
				CLANG_WARN_DEPRECATED_OBJC_IMPLEMENTATIONS = YES;
				CLANG_WARN_DIRECT_OBJC_ISA_USAGE = YES_ERROR;
				CLANG_WARN_EMPTY_BODY = YES;
				CLANG_WARN_ENUM_CONVERSION = YES;
				CLANG_WARN_INFINITE_RECURSION = YES;
				CLANG_WARN_INT_CONVERSION = YES;
				CLANG_WARN_NON_LITERAL_NULL_CONVERSION = YES;
				CLANG_WARN_OBJC_IMPLICIT_RETAIN_SELF = YES;
				CLANG_WARN_OBJC_LITERAL_CONVERSION = YES;
				CLANG_WARN_OBJC_ROOT_CLASS = YES_ERROR;
				CLANG_WARN_RANGE_LOOP_ANALYSIS = YES;
				CLANG_WARN_STRICT_PROTOTYPES = YES;
				CLANG_WARN_SUSPICIOUS_MOVE = YES;
				CLANG_WARN_UNREACHABLE_CODE = YES;
				CLANG_WARN__DUPLICATE_METHOD_MATCH = YES;
				"CODE_SIGN_IDENTITY[sdk=iphoneos*]" = "iPhone Developer";
				COPY_PHASE_STRIP = NO;
				DEBUG_INFORMATION_FORMAT = "dwarf-with-dsym";
				ENABLE_NS_ASSERTIONS = NO;
				ENABLE_STRICT_OBJC_MSGSEND = YES;
				ENABLE_USER_SCRIPT_SANDBOXING = NO;
				GCC_C_LANGUAGE_STANDARD = gnu99;
				GCC_NO_COMMON_BLOCKS = YES;
				GCC_WARN_64_TO_32_BIT_CONVERSION = YES;
				GCC_WARN_ABOUT_RETURN_TYPE = YES_ERROR;
				GCC_WARN_UNDECLARED_SELECTOR = YES;
				GCC_WARN_UNINITIALIZED_AUTOS = YES_AGGRESSIVE;
				GCC_WARN_UNUSED_FUNCTION = YES;
				GCC_WARN_UNUSED_VARIABLE = YES;
				IPHONEOS_DEPLOYMENT_TARGET = 13.0;
				MTL_ENABLE_DEBUG_INFO = NO;
				SDKROOT = iphoneos;
				SUPPORTED_PLATFORMS = iphoneos;
				TARGETED_DEVICE_FAMILY = "1,2";
				VALIDATE_PRODUCT = YES;
			};
			name = Profile;
		};
		6QNQJ53VL1GXWE0XIP9WCIXO /* Profile */ = {
			isa = XCBuildConfiguration;
			baseConfigurationReference = D4O7CKAU6G02C4ATQIDG1N4E /* Release.xcconfig */;
			buildSettings = {
				ASSETCATALOG_COMPILER_APPICON_NAME = AppIcon;
				CLANG_ENABLE_MODULES = YES;
				CODE_SIGN_IDENTITY = "Apple Development";
				"CODE_SIGN_IDENTITY[sdk=iphoneos*]" = "iPhone Distribution";
				CODE_SIGN_STYLE = Manual;
				CURRENT_PROJECT_VERSION = "$(FLUTTER_BUILD_NUMBER)";
				DEVELOPMENT_TEAM = "";
				"DEVELOPMENT_TEAM[sdk=iphoneos*]" = 3BA95298TW;
				ENABLE_BITCODE = NO;
				INFOPLIST_FILE = Runner/Info.plist;
				LD_RUNPATH_SEARCH_PATHS = (
					"$(inherited)",
					"@executable_path/Frameworks",
				);
				PRODUCT_BUNDLE_IDENTIFIER = com.cp.dajiai;
				PRODUCT_NAME = "$(TARGET_NAME)";
				PROVISIONING_PROFILE_SPECIFIER = "";
				"PROVISIONING_PROFILE_SPECIFIER[sdk=iphoneos*]" = 3BA95298TW.com.cp.dajiai;
				SUPPORTED_PLATFORMS = "iphoneos iphonesimulator";
				SUPPORTS_MACCATALYST = NO;
				SUPPORTS_MAC_DESIGNED_FOR_IPHONE_IPAD = NO;
				SUPPORTS_XR_DESIGNED_FOR_IPHONE_IPAD = NO;
				SWIFT_OBJC_BRIDGING_HEADER = "Runner/Runner-Bridging-Header.h";
				SWIFT_VERSION = 5.0;
				TARGETED_DEVICE_FAMILY = 1;
				VERSIONING_SYSTEM = "apple-generic";
			};
			name = Profile;
		};
		BNGMA7Q5L4AJGXSWZCFB3KP8 /* Release */ = {
			isa = XCBuildConfiguration;
			baseConfigurationReference = NG8KUK5ZVZNS1JTK33RFZ1ZN /* Pods-RunnerTests.release.xcconfig */;
			buildSettings = {
				BUNDLE_LOADER = "$(TEST_HOST)";
				CODE_SIGN_STYLE = Automatic;
				CURRENT_PROJECT_VERSION = 1;
				GENERATE_INFOPLIST_FILE = YES;
				MARKETING_VERSION = 1.0;
				PRODUCT_BUNDLE_IDENTIFIER = com.Orclavitasyn.Orclavitasyn.RunnerTests;
				PRODUCT_NAME = "$(TARGET_NAME)";
				SWIFT_VERSION = 5.0;
				TEST_HOST = "$(BUILT_PRODUCTS_DIR)/Runner.app/$(BUNDLE_EXECUTABLE_FOLDER_PATH)/Runner";
			};
			name = Release;
		};
		JFTHWB7DFULU7QM342JQ2KIW /* Debug */ = {
			isa = XCBuildConfiguration;
			baseConfigurationReference = 92L0LITYJ94F02YZLX5N23WK /* Debug.xcconfig */;
			buildSettings = {
				ASSETCATALOG_COMPILER_APPICON_NAME = AppIcon;
				CLANG_ENABLE_MODULES = YES;
				CODE_SIGN_IDENTITY = "Apple Development";
				"CODE_SIGN_IDENTITY[sdk=iphoneos*]" = "iPhone Distribution";
				CODE_SIGN_STYLE = Manual;
				CURRENT_PROJECT_VERSION = "$(FLUTTER_BUILD_NUMBER)";
				DEVELOPMENT_TEAM = "";
				"DEVELOPMENT_TEAM[sdk=iphoneos*]" = 3BA95298TW;
				ENABLE_BITCODE = NO;
				INFOPLIST_FILE = Runner/Info.plist;
				LD_RUNPATH_SEARCH_PATHS = (
					"$(inherited)",
					"@executable_path/Frameworks",
				);
				PRODUCT_BUNDLE_IDENTIFIER = com.cp.dajiai;
				PRODUCT_NAME = "$(TARGET_NAME)";
				PROVISIONING_PROFILE_SPECIFIER = "";
				"PROVISIONING_PROFILE_SPECIFIER[sdk=iphoneos*]" = 3BA95298TW.com.cp.dajiai;
				SUPPORTED_PLATFORMS = "iphoneos iphonesimulator";
				SUPPORTS_MACCATALYST = NO;
				SUPPORTS_MAC_DESIGNED_FOR_IPHONE_IPAD = NO;
				SUPPORTS_XR_DESIGNED_FOR_IPHONE_IPAD = NO;
				SWIFT_OBJC_BRIDGING_HEADER = "Runner/Runner-Bridging-Header.h";
				SWIFT_OPTIMIZATION_LEVEL = "-Onone";
				SWIFT_VERSION = 5.0;
				TARGETED_DEVICE_FAMILY = 1;
				VERSIONING_SYSTEM = "apple-generic";
			};
			name = Debug;
		};
		N7F4BDAZCRF71NFP3Y50VRHV /* Debug */ = {
			isa = XCBuildConfiguration;
			buildSettings = {
				ALWAYS_SEARCH_USER_PATHS = NO;
				ASSETCATALOG_COMPILER_GENERATE_SWIFT_ASSET_SYMBOL_EXTENSIONS = YES;
				CLANG_ANALYZER_NONNULL = YES;
				CLANG_CXX_LANGUAGE_STANDARD = "gnu++0x";
				CLANG_CXX_LIBRARY = "libc++";
				CLANG_ENABLE_MODULES = YES;
				CLANG_ENABLE_OBJC_ARC = YES;
				CLANG_WARN_BLOCK_CAPTURE_AUTORELEASING = YES;
				CLANG_WARN_BOOL_CONVERSION = YES;
				CLANG_WARN_COMMA = YES;
				CLANG_WARN_CONSTANT_CONVERSION = YES;
				CLANG_WARN_DEPRECATED_OBJC_IMPLEMENTATIONS = YES;
				CLANG_WARN_DIRECT_OBJC_ISA_USAGE = YES_ERROR;
				CLANG_WARN_EMPTY_BODY = YES;
				CLANG_WARN_ENUM_CONVERSION = YES;
				CLANG_WARN_INFINITE_RECURSION = YES;
				CLANG_WARN_INT_CONVERSION = YES;
				CLANG_WARN_NON_LITERAL_NULL_CONVERSION = YES;
				CLANG_WARN_OBJC_IMPLICIT_RETAIN_SELF = YES;
				CLANG_WARN_OBJC_LITERAL_CONVERSION = YES;
				CLANG_WARN_OBJC_ROOT_CLASS = YES_ERROR;
				CLANG_WARN_RANGE_LOOP_ANALYSIS = YES;
				CLANG_WARN_STRICT_PROTOTYPES = YES;
				CLANG_WARN_SUSPICIOUS_MOVE = YES;
				CLANG_WARN_UNREACHABLE_CODE = YES;
				CLANG_WARN__DUPLICATE_METHOD_MATCH = YES;
				"CODE_SIGN_IDENTITY[sdk=iphoneos*]" = "iPhone Developer";
				COPY_PHASE_STRIP = NO;
				DEBUG_INFORMATION_FORMAT = dwarf;
				ENABLE_STRICT_OBJC_MSGSEND = YES;
				ENABLE_TESTABILITY = YES;
				ENABLE_USER_SCRIPT_SANDBOXING = NO;
				GCC_C_LANGUAGE_STANDARD = gnu99;
				GCC_DYNAMIC_NO_PIC = NO;
				GCC_NO_COMMON_BLOCKS = YES;
				GCC_OPTIMIZATION_LEVEL = 0;
				GCC_PREPROCESSOR_DEFINITIONS = (
					"DEBUG=1",
					"$(inherited)",
				);
				GCC_WARN_64_TO_32_BIT_CONVERSION = YES;
				GCC_WARN_ABOUT_RETURN_TYPE = YES_ERROR;
				GCC_WARN_UNDECLARED_SELECTOR = YES;
				GCC_WARN_UNINITIALIZED_AUTOS = YES_AGGRESSIVE;
				GCC_WARN_UNUSED_FUNCTION = YES;
				GCC_WARN_UNUSED_VARIABLE = YES;
				IPHONEOS_DEPLOYMENT_TARGET = 13.0;
				MTL_ENABLE_DEBUG_INFO = YES;
				ONLY_ACTIVE_ARCH = YES;
				SDKROOT = iphoneos;
				TARGETED_DEVICE_FAMILY = "1,2";
			};
			name = Debug;
		};
		P0E40QLX8ZFF08Z2SU5XW5Y7 /* Release */ = {
			isa = XCBuildConfiguration;
			buildSettings = {
				ALWAYS_SEARCH_USER_PATHS = NO;
				ASSETCATALOG_COMPILER_GENERATE_SWIFT_ASSET_SYMBOL_EXTENSIONS = YES;
				CLANG_ANALYZER_NONNULL = YES;
				CLANG_CXX_LANGUAGE_STANDARD = "gnu++0x";
				CLANG_CXX_LIBRARY = "libc++";
				CLANG_ENABLE_MODULES = YES;
				CLANG_ENABLE_OBJC_ARC = YES;
				CLANG_WARN_BLOCK_CAPTURE_AUTORELEASING = YES;
				CLANG_WARN_BOOL_CONVERSION = YES;
				CLANG_WARN_COMMA = YES;
				CLANG_WARN_CONSTANT_CONVERSION = YES;
				CLANG_WARN_DEPRECATED_OBJC_IMPLEMENTATIONS = YES;
				CLANG_WARN_DIRECT_OBJC_ISA_USAGE = YES_ERROR;
				CLANG_WARN_EMPTY_BODY = YES;
				CLANG_WARN_ENUM_CONVERSION = YES;
				CLANG_WARN_INFINITE_RECURSION = YES;
				CLANG_WARN_INT_CONVERSION = YES;
				CLANG_WARN_NON_LITERAL_NULL_CONVERSION = YES;
				CLANG_WARN_OBJC_IMPLICIT_RETAIN_SELF = YES;
				CLANG_WARN_OBJC_LITERAL_CONVERSION = YES;
				CLANG_WARN_OBJC_ROOT_CLASS = YES_ERROR;
				CLANG_WARN_RANGE_LOOP_ANALYSIS = YES;
				CLANG_WARN_STRICT_PROTOTYPES = YES;
				CLANG_WARN_SUSPICIOUS_MOVE = YES;
				CLANG_WARN_UNREACHABLE_CODE = YES;
				CLANG_WARN__DUPLICATE_METHOD_MATCH = YES;
				"CODE_SIGN_IDENTITY[sdk=iphoneos*]" = "iPhone Developer";
				COPY_PHASE_STRIP = NO;
				DEBUG_INFORMATION_FORMAT = "dwarf-with-dsym";
				ENABLE_NS_ASSERTIONS = NO;
				ENABLE_STRICT_OBJC_MSGSEND = YES;
				ENABLE_USER_SCRIPT_SANDBOXING = NO;
				GCC_C_LANGUAGE_STANDARD = gnu99;
				GCC_NO_COMMON_BLOCKS = YES;
				GCC_WARN_64_TO_32_BIT_CONVERSION = YES;
				GCC_WARN_ABOUT_RETURN_TYPE = YES_ERROR;
				GCC_WARN_UNDECLARED_SELECTOR = YES;
				GCC_WARN_UNINITIALIZED_AUTOS = YES_AGGRESSIVE;
				GCC_WARN_UNUSED_FUNCTION = YES;
				GCC_WARN_UNUSED_VARIABLE = YES;
				IPHONEOS_DEPLOYMENT_TARGET = 13.0;
				MTL_ENABLE_DEBUG_INFO = NO;
				SDKROOT = iphoneos;
				SUPPORTED_PLATFORMS = iphoneos;
				SWIFT_COMPILATION_MODE = wholemodule;
				SWIFT_OPTIMIZATION_LEVEL = "-O";
				TARGETED_DEVICE_FAMILY = "1,2";
				VALIDATE_PRODUCT = YES;
			};
			name = Release;
		};
		Q2K9K9QDGS3R5N8KIDVBW2E8 /* Release */ = {
			isa = XCBuildConfiguration;
			baseConfigurationReference = D4O7CKAU6G02C4ATQIDG1N4E /* Release.xcconfig */;
			buildSettings = {
				ASSETCATALOG_COMPILER_APPICON_NAME = AppIcon;
				CLANG_ENABLE_MODULES = YES;
				CODE_SIGN_IDENTITY = "Apple Development";
				"CODE_SIGN_IDENTITY[sdk=iphoneos*]" = "iPhone Distribution";
				CODE_SIGN_STYLE = Manual;
				CURRENT_PROJECT_VERSION = "$(FLUTTER_BUILD_NUMBER)";
				DEVELOPMENT_TEAM = "";
				"DEVELOPMENT_TEAM[sdk=iphoneos*]" = 3BA95298TW;
				ENABLE_BITCODE = NO;
				INFOPLIST_FILE = Runner/Info.plist;
				LD_RUNPATH_SEARCH_PATHS = (
					"$(inherited)",
					"@executable_path/Frameworks",
				);
				PRODUCT_BUNDLE_IDENTIFIER = com.cp.dajiai;
				PRODUCT_NAME = "$(TARGET_NAME)";
				PROVISIONING_PROFILE_SPECIFIER = "";
				"PROVISIONING_PROFILE_SPECIFIER[sdk=iphoneos*]" = 3BA95298TW.com.cp.dajiai;
				SUPPORTED_PLATFORMS = "iphoneos iphonesimulator";
				SUPPORTS_MACCATALYST = NO;
				SUPPORTS_MAC_DESIGNED_FOR_IPHONE_IPAD = NO;
				SUPPORTS_XR_DESIGNED_FOR_IPHONE_IPAD = NO;
				SWIFT_OBJC_BRIDGING_HEADER = "Runner/Runner-Bridging-Header.h";
				SWIFT_VERSION = 5.0;
				TARGETED_DEVICE_FAMILY = 1;
				VERSIONING_SYSTEM = "apple-generic";
			};
			name = Release;
		};
		WYUXDNE2AZAD6IFYM58KX82N /* Profile */ = {
			isa = XCBuildConfiguration;
			baseConfigurationReference = 266WR13MO2GCITOMQAKVR4YI /* Pods-RunnerTests.profile.xcconfig */;
			buildSettings = {
				BUNDLE_LOADER = "$(TEST_HOST)";
				CODE_SIGN_STYLE = Automatic;
				CURRENT_PROJECT_VERSION = 1;
				GENERATE_INFOPLIST_FILE = YES;
				MARKETING_VERSION = 1.0;
				PRODUCT_BUNDLE_IDENTIFIER = com.Orclavitasyn.Orclavitasyn.RunnerTests;
				PRODUCT_NAME = "$(TARGET_NAME)";
				SWIFT_VERSION = 5.0;
				TEST_HOST = "$(BUILT_PRODUCTS_DIR)/Runner.app/$(BUNDLE_EXECUTABLE_FOLDER_PATH)/Runner";
			};
			name = Profile;
		};
/* End XCBuildConfiguration section */

/* Begin XCConfigurationList section */
		8AA28WQ8KLN3M20Y9VNXFXTT /* Build configuration list for PBXNativeTarget "RunnerTests" */ = {
			isa = XCConfigurationList;
			buildConfigurations = (
				08FA7J11BKFR63EGGYHV6EF8 /* Debug */,
				BNGMA7Q5L4AJGXSWZCFB3KP8 /* Release */,
				WYUXDNE2AZAD6IFYM58KX82N /* Profile */,
			);
			defaultConfigurationIsVisible = 0;
			defaultConfigurationName = Release;
		};
		Q7QA31C60XNNA40KSBT19T7W /* Build configuration list for PBXNativeTarget "Runner" */ = {
			isa = XCConfigurationList;
			buildConfigurations = (
				JFTHWB7DFULU7QM342JQ2KIW /* Debug */,
				Q2K9K9QDGS3R5N8KIDVBW2E8 /* Release */,
				6QNQJ53VL1GXWE0XIP9WCIXO /* Profile */,
			);
			defaultConfigurationIsVisible = 0;
			defaultConfigurationName = Release;
		};
		UMFT36KDVU2E9E0CPRNO2SZB /* Build configuration list for PBXProject "Runner" */ = {
			isa = XCConfigurationList;
			buildConfigurations = (
				N7F4BDAZCRF71NFP3Y50VRHV /* Debug */,
				P0E40QLX8ZFF08Z2SU5XW5Y7 /* Release */,
				4OKXHW9UAOBI6LWAGY7XF4MJ /* Profile */,
			);
			defaultConfigurationIsVisible = 0;
			defaultConfigurationName = Release;
		};
/* End XCConfigurationList section */
	};
	rootObject = P40TY7X0INIFTPB2BSZQ4GOL /* Project object */;
}
